// !$*UTF8*$!
{
	archiveVersion = 1;
	classes = {
	};
	objectVersion = 55;
	objects = {

/* Begin PBXBuildFile section */
		0A5032332C536955F69FA4D5 /* Pods_SearchGiphyApp.framework in Frameworks */ = {isa = PBXBuildFile; fileRef = FCAF0A4F94DC16005AE702BA /* Pods_SearchGiphyApp.framework */; };
		9DBEBAA7280CBDDD00331EBB /* GifCell.swift in Sources */ = {isa = PBXBuildFile; fileRef = 9DBEBAA5280CBDDD00331EBB /* GifCell.swift */; };
		9DBEBAA8280CBDDD00331EBB /* GifCell.xib in Resources */ = {isa = PBXBuildFile; fileRef = 9DBEBAA6280CBDDD00331EBB /* GifCell.xib */; };
		9DBEBAAA280CBF6200331EBB /* Time_Hans_Zimmer_Inception.mp3 in Resources */ = {isa = PBXBuildFile; fileRef = 9DBEBAA9280CBF6200331EBB /* Time_Hans_Zimmer_Inception.mp3 */; };
		9DBEBAAD280CC40800331EBB /* FullGifVC.swift in Sources */ = {isa = PBXBuildFile; fileRef = 9DBEBAAB280CC40800331EBB /* FullGifVC.swift */; };
		9DBEBAAE280CC40800331EBB /* FullGifVC.xib in Resources */ = {isa = PBXBuildFile; fileRef = 9DBEBAAC280CC40800331EBB /* FullGifVC.xib */; };
		9DBEBAB1280CC7C700331EBB /* SlideUpCell.swift in Sources */ = {isa = PBXBuildFile; fileRef = 9DBEBAAF280CC7C700331EBB /* SlideUpCell.swift */; };
		9DBEBAB2280CC7C700331EBB /* SlideUpCell.xib in Resources */ = {isa = PBXBuildFile; fileRef = 9DBEBAB0280CC7C700331EBB /* SlideUpCell.xib */; };
		9DBEBAB4280CC86E00331EBB /* SlideUpTableView.swift in Sources */ = {isa = PBXBuildFile; fileRef = 9DBEBAB3280CC86E00331EBB /* SlideUpTableView.swift */; };
		9DBEBAB6280D4B1900331EBB /* ExtensionUserDefault.swift in Sources */ = {isa = PBXBuildFile; fileRef = 9DBEBAB5280D4B1900331EBB /* ExtensionUserDefault.swift */; };
		9DBEBAB8280D501F00331EBB /* ExtensionUIViewController.swift in Sources */ = {isa = PBXBuildFile; fileRef = 9DBEBAB7280D501F00331EBB /* ExtensionUIViewController.swift */; };
		9DBEBABB280D539400331EBB /* FavoriteGifList.swift in Sources */ = {isa = PBXBuildFile; fileRef = 9DBEBAB9280D539400331EBB /* FavoriteGifList.swift */; };
		9DBEBABC280D539400331EBB /* FavoriteGifList.xib in Resources */ = {isa = PBXBuildFile; fileRef = 9DBEBABA280D539400331EBB /* FavoriteGifList.xib */; };
		9DC248A7280CB886000CC90A /* AppDelegate.swift in Sources */ = {isa = PBXBuildFile; fileRef = 9DC248A6280CB886000CC90A /* AppDelegate.swift */; };
		9DC248A9280CB886000CC90A /* SceneDelegate.swift in Sources */ = {isa = PBXBuildFile; fileRef = 9DC248A8280CB886000CC90A /* SceneDelegate.swift */; };
		9DC248AB280CB886000CC90A /* ViewController.swift in Sources */ = {isa = PBXBuildFile; fileRef = 9DC248AA280CB886000CC90A /* ViewController.swift */; };
		9DC248AE280CB886000CC90A /* Main.storyboard in Resources */ = {isa = PBXBuildFile; fileRef = 9DC248AC280CB886000CC90A /* Main.storyboard */; };
		9DC248B0280CB888000CC90A /* Assets.xcassets in Resources */ = {isa = PBXBuildFile; fileRef = 9DC248AF280CB888000CC90A /* Assets.xcassets */; };
		9DC248B3280CB888000CC90A /* LaunchScreen.storyboard in Resources */ = {isa = PBXBuildFile; fileRef = 9DC248B1280CB888000CC90A /* LaunchScreen.storyboard */; };
		9DC248BB280CB955000CC90A /* NetworkManager.swift in Sources */ = {isa = PBXBuildFile; fileRef = 9DC248BA280CB955000CC90A /* NetworkManager.swift */; };
		9DC248BD280CB96A000CC90A /* GiphyModel.swift in Sources */ = {isa = PBXBuildFile; fileRef = 9DC248BC280CB96A000CC90A /* GiphyModel.swift */; };
/* End PBXBuildFile section */

/* Begin PBXFileReference section */
		9DBEBAA5280CBDDD00331EBB /* GifCell.swift */ = {isa = PBXFileReference; lastKnownFileType = sourcecode.swift; path = GifCell.swift; sourceTree = "<group>"; };
		9DBEBAA6280CBDDD00331EBB /* GifCell.xib */ = {isa = PBXFileReference; lastKnownFileType = file.xib; path = GifCell.xib; sourceTree = "<group>"; };
		9DBEBAA9280CBF6200331EBB /* Time_Hans_Zimmer_Inception.mp3 */ = {isa = PBXFileReference; lastKnownFileType = audio.mp3; path = Time_Hans_Zimmer_Inception.mp3; sourceTree = "<group>"; };
		9DBEBAAB280CC40800331EBB /* FullGifVC.swift */ = {isa = PBXFileReference; lastKnownFileType = sourcecode.swift; path = FullGifVC.swift; sourceTree = "<group>"; };
		9DBEBAAC280CC40800331EBB /* FullGifVC.xib */ = {isa = PBXFileReference; lastKnownFileType = file.xib; path = FullGifVC.xib; sourceTree = "<group>"; };
		9DBEBAAF280CC7C700331EBB /* SlideUpCell.swift */ = {isa = PBXFileReference; lastKnownFileType = sourcecode.swift; path = SlideUpCell.swift; sourceTree = "<group>"; };
		9DBEBAB0280CC7C700331EBB /* SlideUpCell.xib */ = {isa = PBXFileReference; lastKnownFileType = file.xib; path = SlideUpCell.xib; sourceTree = "<group>"; };
		9DBEBAB3280CC86E00331EBB /* SlideUpTableView.swift */ = {isa = PBXFileReference; lastKnownFileType = sourcecode.swift; path = SlideUpTableView.swift; sourceTree = "<group>"; };
		9DBEBAB5280D4B1900331EBB /* ExtensionUserDefault.swift */ = {isa = PBXFileReference; lastKnownFileType = sourcecode.swift; path = ExtensionUserDefault.swift; sourceTree = "<group>"; };
		9DBEBAB7280D501F00331EBB /* ExtensionUIViewController.swift */ = {isa = PBXFileReference; lastKnownFileType = sourcecode.swift; path = ExtensionUIViewController.swift; sourceTree = "<group>"; };
		9DBEBAB9280D539400331EBB /* FavoriteGifList.swift */ = {isa = PBXFileReference; lastKnownFileType = sourcecode.swift; path = FavoriteGifList.swift; sourceTree = "<group>"; };
		9DBEBABA280D539400331EBB /* FavoriteGifList.xib */ = {isa = PBXFileReference; lastKnownFileType = file.xib; path = FavoriteGifList.xib; sourceTree = "<group>"; };
		9DC248A3280CB886000CC90A /* SearchGiphyApp.app */ = {isa = PBXFileReference; explicitFileType = wrapper.application; includeInIndex = 0; path = SearchGiphyApp.app; sourceTree = BUILT_PRODUCTS_DIR; };
		9DC248A6280CB886000CC90A /* AppDelegate.swift */ = {isa = PBXFileReference; lastKnownFileType = sourcecode.swift; path = AppDelegate.swift; sourceTree = "<group>"; };
		9DC248A8280CB886000CC90A /* SceneDelegate.swift */ = {isa = PBXFileReference; lastKnownFileType = sourcecode.swift; path = SceneDelegate.swift; sourceTree = "<group>"; };
		9DC248AA280CB886000CC90A /* ViewController.swift */ = {isa = PBXFileReference; lastKnownFileType = sourcecode.swift; path = ViewController.swift; sourceTree = "<group>"; };
		9DC248AD280CB886000CC90A /* Base */ = {isa = PBXFileReference; lastKnownFileType = file.storyboard; name = Base; path = Base.lproj/Main.storyboard; sourceTree = "<group>"; };
		9DC248AF280CB888000CC90A /* Assets.xcassets */ = {isa = PBXFileReference; lastKnownFileType = folder.assetcatalog; path = Assets.xcassets; sourceTree = "<group>"; };
		9DC248B2280CB888000CC90A /* Base */ = {isa = PBXFileReference; lastKnownFileType = file.storyboard; name = Base; path = Base.lproj/LaunchScreen.storyboard; sourceTree = "<group>"; };
		9DC248B4280CB888000CC90A /* Info.plist */ = {isa = PBXFileReference; lastKnownFileType = text.plist.xml; path = Info.plist; sourceTree = "<group>"; };
		9DC248BA280CB955000CC90A /* NetworkManager.swift */ = {isa = PBXFileReference; lastKnownFileType = sourcecode.swift; path = NetworkManager.swift; sourceTree = "<group>"; };
		9DC248BC280CB96A000CC90A /* GiphyModel.swift */ = {isa = PBXFileReference; lastKnownFileType = sourcecode.swift; path = GiphyModel.swift; sourceTree = "<group>"; };
		E10999EDFD3389F824D16A78 /* Pods-SearchGiphyApp.release.xcconfig */ = {isa = PBXFileReference; includeInIndex = 1; lastKnownFileType = text.xcconfig; name = "Pods-SearchGiphyApp.release.xcconfig"; path = "Target Support Files/Pods-SearchGiphyApp/Pods-SearchGiphyApp.release.xcconfig"; sourceTree = "<group>"; };
		FCAF0A4F94DC16005AE702BA /* Pods_SearchGiphyApp.framework */ = {isa = PBXFileReference; explicitFileType = wrapper.framework; includeInIndex = 0; path = Pods_SearchGiphyApp.framework; sourceTree = BUILT_PRODUCTS_DIR; };
		FDF5D5DF6EF8684C0FEFF8E6 /* Pods-SearchGiphyApp.debug.xcconfig */ = {isa = PBXFileReference; includeInIndex = 1; lastKnownFileType = text.xcconfig; name = "Pods-SearchGiphyApp.debug.xcconfig"; path = "Target Support Files/Pods-SearchGiphyApp/Pods-SearchGiphyApp.debug.xcconfig"; sourceTree = "<group>"; };
/* End PBXFileReference section */

/* Begin PBXFrameworksBuildPhase section */
		9DC248A0280CB886000CC90A /* Frameworks */ = {
			isa = PBXFrameworksBuildPhase;
			buildActionMask = 2147483647;
			files = (
				0A5032332C536955F69FA4D5 /* Pods_SearchGiphyApp.framework in Frameworks */,
			);
			runOnlyForDeploymentPostprocessing = 0;
		};
/* End PBXFrameworksBuildPhase section */

/* Begin PBXGroup section */
		0C1C58DE7D2621C19C471E7B /* Pods */ = {
			isa = PBXGroup;
			children = (
				FDF5D5DF6EF8684C0FEFF8E6 /* Pods-SearchGiphyApp.debug.xcconfig */,
				E10999EDFD3389F824D16A78 /* Pods-SearchGiphyApp.release.xcconfig */,
			);
			path = Pods;
			sourceTree = "<group>";
		};
		0E89877C2CB7EFC81D69D51E /* Frameworks */ = {
			isa = PBXGroup;
			children = (
				FCAF0A4F94DC16005AE702BA /* Pods_SearchGiphyApp.framework */,
			);
			name = Frameworks;
			sourceTree = "<group>";
		};
		9DBEBABD280DF9D000331EBB /* GiphyModel */ = {
			isa = PBXGroup;
			children = (
				9DC248BC280CB96A000CC90A /* GiphyModel.swift */,
			);
			path = GiphyModel;
			sourceTree = "<group>";
		};
		9DBEBABE280DF9F000331EBB /* Extensions */ = {
			isa = PBXGroup;
			children = (
				9DBEBAB5280D4B1900331EBB /* ExtensionUserDefault.swift */,
				9DBEBAB7280D501F00331EBB /* ExtensionUIViewController.swift */,
			);
			path = Extensions;
			sourceTree = "<group>";
		};
		9DBEBABF280DFA2200331EBB /* GifCell */ = {
			isa = PBXGroup;
			children = (
				9DBEBAA5280CBDDD00331EBB /* GifCell.swift */,
				9DBEBAA6280CBDDD00331EBB /* GifCell.xib */,
			);
			path = GifCell;
			sourceTree = "<group>";
		};
		9DBEBAC0280DFA4000331EBB /* NetworkManager */ = {
			isa = PBXGroup;
			children = (
				9DC248BA280CB955000CC90A /* NetworkManager.swift */,
			);
			path = NetworkManager;
			sourceTree = "<group>";
		};
		9DBEBAC1280DFA6700331EBB /* FullGifViewController */ = {
			isa = PBXGroup;
			children = (
				9DBEBAAB280CC40800331EBB /* FullGifVC.swift */,
				9DBEBAAC280CC40800331EBB /* FullGifVC.xib */,
			);
			path = FullGifViewController;
			sourceTree = "<group>";
		};
		9DBEBAC2280DFB8200331EBB /* slideUpSheet */ = {
			isa = PBXGroup;
			children = (
				9DBEBAB3280CC86E00331EBB /* SlideUpTableView.swift */,
				9DBEBAAF280CC7C700331EBB /* SlideUpCell.swift */,
				9DBEBAB0280CC7C700331EBB /* SlideUpCell.xib */,
			);
			path = slideUpSheet;
			sourceTree = "<group>";
		};
		9DBEBAC3280DFBF200331EBB /* FavoriteList */ = {
			isa = PBXGroup;
			children = (
				9DBEBAB9280D539400331EBB /* FavoriteGifList.swift */,
				9DBEBABA280D539400331EBB /* FavoriteGifList.xib */,
			);
			path = FavoriteList;
			sourceTree = "<group>";
		};
		9DBEBAC4280DFC1700331EBB /* BackgroundMusic */ = {
			isa = PBXGroup;
			children = (
				9DBEBAA9280CBF6200331EBB /* Time_Hans_Zimmer_Inception.mp3 */,
			);
			path = BackgroundMusic;
			sourceTree = "<group>";
		};
		9DC2489A280CB886000CC90A = {
			isa = PBXGroup;
			children = (
				9DC248A5280CB886000CC90A /* SearchGiphyApp */,
				9DC248A4280CB886000CC90A /* Products */,
				0C1C58DE7D2621C19C471E7B /* Pods */,
				0E89877C2CB7EFC81D69D51E /* Frameworks */,
			);
			sourceTree = "<group>";
		};
		9DC248A4280CB886000CC90A /* Products */ = {
			isa = PBXGroup;
			children = (
				9DC248A3280CB886000CC90A /* SearchGiphyApp.app */,
			);
			name = Products;
			sourceTree = "<group>";
		};
		9DC248A5280CB886000CC90A /* SearchGiphyApp */ = {
			isa = PBXGroup;
			children = (
				9DC248A6280CB886000CC90A /* AppDelegate.swift */,
				9DC248A8280CB886000CC90A /* SceneDelegate.swift */,
				9DC248AA280CB886000CC90A /* ViewController.swift */,
				9DC248AC280CB886000CC90A /* Main.storyboard */,
				9DBEBAC0280DFA4000331EBB /* NetworkManager */,
				9DBEBABE280DF9F000331EBB /* Extensions */,
				9DBEBABF280DFA2200331EBB /* GifCell */,
				9DBEBABD280DF9D000331EBB /* GiphyModel */,
				9DBEBAC1280DFA6700331EBB /* FullGifViewController */,
				9DBEBAC2280DFB8200331EBB /* slideUpSheet */,
				9DBEBAC3280DFBF200331EBB /* FavoriteList */,
				9DBEBAC4280DFC1700331EBB /* BackgroundMusic */,
				9DC248AF280CB888000CC90A /* Assets.xcassets */,
				9DC248B1280CB888000CC90A /* LaunchScreen.storyboard */,
				9DC248B4280CB888000CC90A /* Info.plist */,
			);
			path = SearchGiphyApp;
			sourceTree = "<group>";
		};
/* End PBXGroup section */

/* Begin PBXNativeTarget section */
		9DC248A2280CB886000CC90A /* SearchGiphyApp */ = {
			isa = PBXNativeTarget;
			buildConfigurationList = 9DC248B7280CB888000CC90A /* Build configuration list for PBXNativeTarget "SearchGiphyApp" */;
			buildPhases = (
				F1D05E0697251A0F905334AD /* [CP] Check Pods Manifest.lock */,
				9DC2489F280CB886000CC90A /* Sources */,
				9DC248A0280CB886000CC90A /* Frameworks */,
				9DC248A1280CB886000CC90A /* Resources */,
			);
			buildRules = (
			);
			dependencies = (
			);
			name = SearchGiphyApp;
			productName = SearchGiphyApp;
			productReference = 9DC248A3280CB886000CC90A /* SearchGiphyApp.app */;
			productType = "com.apple.product-type.application";
		};
/* End PBXNativeTarget section */

/* Begin PBXProject section */
		9DC2489B280CB886000CC90A /* Project object */ = {
			isa = PBXProject;
			attributes = {
				BuildIndependentTargetsInParallel = 1;
				LastSwiftUpdateCheck = 1320;
				LastUpgradeCheck = 1320;
				TargetAttributes = {
					9DC248A2280CB886000CC90A = {
						CreatedOnToolsVersion = 13.2.1;
					};
				};
			};
			buildConfigurationList = 9DC2489E280CB886000CC90A /* Build configuration list for PBXProject "SearchGiphyApp" */;
			compatibilityVersion = "Xcode 13.0";
			developmentRegion = en;
			hasScannedForEncodings = 0;
			knownRegions = (
				en,
				Base,
			);
			mainGroup = 9DC2489A280CB886000CC90A;
			productRefGroup = 9DC248A4280CB886000CC90A /* Products */;
			projectDirPath = "";
			projectRoot = "";
			targets = (
				9DC248A2280CB886000CC90A /* SearchGiphyApp */,
			);
		};
/* End PBXProject section */

/* Begin PBXResourcesBuildPhase section */
		9DC248A1280CB886000CC90A /* Resources */ = {
			isa = PBXResourcesBuildPhase;
			buildActionMask = 2147483647;
			files = (
				9DC248B3280CB888000CC90A /* LaunchScreen.storyboard in Resources */,
				9DC248B0280CB888000CC90A /* Assets.xcassets in Resources */,
				9DBEBAA8280CBDDD00331EBB /* GifCell.xib in Resources */,
				9DBEBAAA280CBF6200331EBB /* Time_Hans_Zimmer_Inception.mp3 in Resources */,
				9DBEBAB2280CC7C700331EBB /* SlideUpCell.xib in Resources */,
				9DBEBAAE280CC40800331EBB /* FullGifVC.xib in Resources */,
				9DBEBABC280D539400331EBB /* FavoriteGifList.xib in Resources */,
				9DC248AE280CB886000CC90A /* Main.storyboard in Resources */,
			);
			runOnlyForDeploymentPostprocessing = 0;
		};
/* End PBXResourcesBuildPhase section */

/* Begin PBXShellScriptBuildPhase section */
		F1D05E0697251A0F905334AD /* [CP] Check Pods Manifest.lock */ = {
			isa = PBXShellScriptBuildPhase;
			buildActionMask = 2147483647;
			files = (
			);
			inputFileListPaths = (
			);
			inputPaths = (
				"${PODS_PODFILE_DIR_PATH}/Podfile.lock",
				"${PODS_ROOT}/Manifest.lock",
			);
			name = "[CP] Check Pods Manifest.lock";
			outputFileListPaths = (
			);
			outputPaths = (
				"$(DERIVED_FILE_DIR)/Pods-SearchGiphyApp-checkManifestLockResult.txt",
			);
			runOnlyForDeploymentPostprocessing = 0;
			shellPath = /bin/sh;
			shellScript = "diff \"${PODS_PODFILE_DIR_PATH}/Podfile.lock\" \"${PODS_ROOT}/Manifest.lock\" > /dev/null\nif [ $? != 0 ] ; then\n    # print error to STDERR\n    echo \"error: The sandbox is not in sync with the Podfile.lock. Run 'pod install' or update your CocoaPods installation.\" >&2\n    exit 1\nfi\n# This output is used by Xcode 'outputs' to avoid re-running this script phase.\necho \"SUCCESS\" > \"${SCRIPT_OUTPUT_FILE_0}\"\n";
			showEnvVarsInLog = 0;
		};
/* End PBXShellScriptBuildPhase section */

/* Begin PBXSourcesBuildPhase section */
		9DC2489F280CB886000CC90A /* Sources */ = {
			isa = PBXSourcesBuildPhase;
			buildActionMask = 2147483647;
			files = (
				9DBEBAB8280D501F00331EBB /* ExtensionUIViewController.swift in Sources */,
				9DC248BB280CB955000CC90A /* NetworkManager.swift in Sources */,
				9DC248AB280CB886000CC90A /* ViewController.swift in Sources */,
				9DBEBAB1280CC7C700331EBB /* SlideUpCell.swift in Sources */,
				9DBEBAB4280CC86E00331EBB /* SlideUpTableView.swift in Sources */,
				9DBEBAAD280CC40800331EBB /* FullGifVC.swift in Sources */,
				9DBEBAA7280CBDDD00331EBB /* GifCell.swift in Sources */,
				9DBEBAB6280D4B1900331EBB /* ExtensionUserDefault.swift in Sources */,
				9DC248A7280CB886000CC90A /* AppDelegate.swift in Sources */,
				9DC248A9280CB886000CC90A /* SceneDelegate.swift in Sources */,
				9DBEBABB280D539400331EBB /* FavoriteGifList.swift in Sources */,
				9DC248BD280CB96A000CC90A /* GiphyModel.swift in Sources */,
			);
			runOnlyForDeploymentPostprocessing = 0;
		};
/* End PBXSourcesBuildPhase section */

/* Begin PBXVariantGroup section */
		9DC248AC280CB886000CC90A /* Main.storyboard */ = {
			isa = PBXVariantGroup;
			children = (
				9DC248AD280CB886000CC90A /* Base */,
			);
			name = Main.storyboard;
			sourceTree = "<group>";
		};
		9DC248B1280CB888000CC90A /* LaunchScreen.storyboard */ = {
			isa = PBXVariantGroup;
			children = (
				9DC248B2280CB888000CC90A /* Base */,
			);
			name = LaunchScreen.storyboard;
			sourceTree = "<group>";
		};
/* End PBXVariantGroup section */

/* Begin XCBuildConfiguration section */
		9DC248B5280CB888000CC90A /* Debug */ = {
			isa = XCBuildConfiguration;
			buildSettings = {
				ALWAYS_SEARCH_USER_PATHS = NO;
				CLANG_ANALYZER_NONNULL = YES;
				CLANG_ANALYZER_NUMBER_OBJECT_CONVERSION = YES_AGGRESSIVE;
				CLANG_CXX_LANGUAGE_STANDARD = "gnu++17";
				CLANG_CXX_LIBRARY = "libc++";
				CLANG_ENABLE_MODULES = YES;
				CLANG_ENABLE_OBJC_ARC = YES;
				CLANG_ENABLE_OBJC_WEAK = YES;
				CLANG_WARN_BLOCK_CAPTURE_AUTORELEASING = YES;
				CLANG_WARN_BOOL_CONVERSION = YES;
				CLANG_WARN_COMMA = YES;
				CLANG_WARN_CONSTANT_CONVERSION = YES;
				CLANG_WARN_DEPRECATED_OBJC_IMPLEMENTATIONS = YES;
				CLANG_WARN_DIRECT_OBJC_ISA_USAGE = YES_ERROR;
				CLANG_WARN_DOCUMENTATION_COMMENTS = YES;
				CLANG_WARN_EMPTY_BODY = YES;
				CLANG_WARN_ENUM_CONVERSION = YES;
				CLANG_WARN_INFINITE_RECURSION = YES;
				CLANG_WARN_INT_CONVERSION = YES;
				CLANG_WARN_NON_LITERAL_NULL_CONVERSION = YES;
				CLANG_WARN_OBJC_IMPLICIT_RETAIN_SELF = YES;
				CLANG_WARN_OBJC_LITERAL_CONVERSION = YES;
				CLANG_WARN_OBJC_ROOT_CLASS = YES_ERROR;
				CLANG_WARN_QUOTED_INCLUDE_IN_FRAMEWORK_HEADER = YES;
				CLANG_WARN_RANGE_LOOP_ANALYSIS = YES;
				CLANG_WARN_STRICT_PROTOTYPES = YES;
				CLANG_WARN_SUSPICIOUS_MOVE = YES;
				CLANG_WARN_UNGUARDED_AVAILABILITY = YES_AGGRESSIVE;
				CLANG_WARN_UNREACHABLE_CODE = YES;
				CLANG_WARN__DUPLICATE_METHOD_MATCH = YES;
				COPY_PHASE_STRIP = NO;
				DEBUG_INFORMATION_FORMAT = dwarf;
				ENABLE_STRICT_OBJC_MSGSEND = YES;
				ENABLE_TESTABILITY = YES;
				GCC_C_LANGUAGE_STANDARD = gnu11;
				GCC_DYNAMIC_NO_PIC = NO;
				GCC_NO_COMMON_BLOCKS = YES;
				GCC_OPTIMIZATION_LEVEL = 0;
				GCC_PREPROCESSOR_DEFINITIONS = (
					"DEBUG=1",
					"$(inherited)",
				);
				GCC_WARN_64_TO_32_BIT_CONVERSION = YES;
				GCC_WARN_ABOUT_RETURN_TYPE = YES_ERROR;
				GCC_WARN_UNDECLARED_SELECTOR = YES;
				GCC_WARN_UNINITIALIZED_AUTOS = YES_AGGRESSIVE;
				GCC_WARN_UNUSED_FUNCTION = YES;
				GCC_WARN_UNUSED_VARIABLE = YES;
				IPHONEOS_DEPLOYMENT_TARGET = 15.2;
				MTL_ENABLE_DEBUG_INFO = INCLUDE_SOURCE;
				MTL_FAST_MATH = YES;
				ONLY_ACTIVE_ARCH = YES;
				SDKROOT = iphoneos;
				SWIFT_ACTIVE_COMPILATION_CONDITIONS = DEBUG;
				SWIFT_OPTIMIZATION_LEVEL = "-Onone";
			};
			name = Debug;
		};
		9DC248B6280CB888000CC90A /* Release */ = {
			isa = XCBuildConfiguration;
			buildSettings = {
				ALWAYS_SEARCH_USER_PATHS = NO;
				CLANG_ANALYZER_NONNULL = YES;
				CLANG_ANALYZER_NUMBER_OBJECT_CONVERSION = YES_AGGRESSIVE;
				CLANG_CXX_LANGUAGE_STANDARD = "gnu++17";
				CLANG_CXX_LIBRARY = "libc++";
				CLANG_ENABLE_MODULES = YES;
				CLANG_ENABLE_OBJC_ARC = YES;
				CLANG_ENABLE_OBJC_WEAK = YES;
				CLANG_WARN_BLOCK_CAPTURE_AUTORELEASING = YES;
				CLANG_WARN_BOOL_CONVERSION = YES;
				CLANG_WARN_COMMA = YES;
				CLANG_WARN_CONSTANT_CONVERSION = YES;
				CLANG_WARN_DEPRECATED_OBJC_IMPLEMENTATIONS = YES;
				CLANG_WARN_DIRECT_OBJC_ISA_USAGE = YES_ERROR;
				CLANG_WARN_DOCUMENTATION_COMMENTS = YES;
				CLANG_WARN_EMPTY_BODY = YES;
				CLANG_WARN_ENUM_CONVERSION = YES;
				CLANG_WARN_INFINITE_RECURSION = YES;
				CLANG_WARN_INT_CONVERSION = YES;
				CLANG_WARN_NON_LITERAL_NULL_CONVERSION = YES;
				CLANG_WARN_OBJC_IMPLICIT_RETAIN_SELF = YES;
				CLANG_WARN_OBJC_LITERAL_CONVERSION = YES;
				CLANG_WARN_OBJC_ROOT_CLASS = YES_ERROR;
				CLANG_WARN_QUOTED_INCLUDE_IN_FRAMEWORK_HEADER = YES;
				CLANG_WARN_RANGE_LOOP_ANALYSIS = YES;
				CLANG_WARN_STRICT_PROTOTYPES = YES;
				CLANG_WARN_SUSPICIOUS_MOVE = YES;
				CLANG_WARN_UNGUARDED_AVAILABILITY = YES_AGGRESSIVE;
				CLANG_WARN_UNREACHABLE_CODE = YES;
				CLANG_WARN__DUPLICATE_METHOD_MATCH = YES;
				COPY_PHASE_STRIP = NO;
				DEBUG_INFORMATION_FORMAT = "dwarf-with-dsym";
				ENABLE_NS_ASSERTIONS = NO;
				ENABLE_STRICT_OBJC_MSGSEND = YES;
				GCC_C_LANGUAGE_STANDARD = gnu11;
				GCC_NO_COMMON_BLOCKS = YES;
				GCC_WARN_64_TO_32_BIT_CONVERSION = YES;
				GCC_WARN_ABOUT_RETURN_TYPE = YES_ERROR;
				GCC_WARN_UNDECLARED_SELECTOR = YES;
				GCC_WARN_UNINITIALIZED_AUTOS = YES_AGGRESSIVE;
				GCC_WARN_UNUSED_FUNCTION = YES;
				GCC_WARN_UNUSED_VARIABLE = YES;
				IPHONEOS_DEPLOYMENT_TARGET = 15.2;
				MTL_ENABLE_DEBUG_INFO = NO;
				MTL_FAST_MATH = YES;
				SDKROOT = iphoneos;
				SWIFT_COMPILATION_MODE = wholemodule;
				SWIFT_OPTIMIZATION_LEVEL = "-O";
				VALIDATE_PRODUCT = YES;
			};
			name = Release;
		};
		9DC248B8280CB888000CC90A /* Debug */ = {
			isa = XCBuildConfiguration;
			baseConfigurationReference = FDF5D5DF6EF8684C0FEFF8E6 /* Pods-SearchGiphyApp.debug.xcconfig */;
			buildSettings = {
				ASSETCATALOG_COMPILER_APPICON_NAME = AppIcon;
				ASSETCATALOG_COMPILER_GLOBAL_ACCENT_COLOR_NAME = AccentColor;
				CODE_SIGN_STYLE = Automatic;
				CURRENT_PROJECT_VERSION = 1;
				DEVELOPMENT_TEAM = S5NDZSNAZM;
				GENERATE_INFOPLIST_FILE = YES;
				INFOPLIST_FILE = SearchGiphyApp/Info.plist;
				INFOPLIST_KEY_UIApplicationSupportsIndirectInputEvents = YES;
				INFOPLIST_KEY_UILaunchStoryboardName = LaunchScreen;
				INFOPLIST_KEY_UIMainStoryboardFile = Main;
				INFOPLIST_KEY_UISupportedInterfaceOrientations_iPad = "UIInterfaceOrientationPortrait UIInterfaceOrientationPortraitUpsideDown UIInterfaceOrientationLandscapeLeft UIInterfaceOrientationLandscapeRight";
				INFOPLIST_KEY_UISupportedInterfaceOrientations_iPhone = "UIInterfaceOrientationPortrait UIInterfaceOrientationLandscapeLeft UIInterfaceOrientationLandscapeRight";
				LD_RUNPATH_SEARCH_PATHS = (
					"$(inherited)",
					"@executable_path/Frameworks",
				);
				MARKETING_VERSION = 1.0;
				PRODUCT_BUNDLE_IDENTIFIER = "Guy-Twig.SearchGiphyApp";
				PRODUCT_NAME = "$(TARGET_NAME)";
				SWIFT_EMIT_LOC_STRINGS = YES;
				SWIFT_VERSION = 5.0;
				TARGETED_DEVICE_FAMILY = "1,2";
			};
			name = Debug;
		};
		9DC248B9280CB888000CC90A /* Release */ = {
			isa = XCBuildConfiguration;
			baseConfigurationReference = E10999EDFD3389F824D16A78 /* Pods-SearchGiphyApp.release.xcconfig */;
			buildSettings = {
				ASSETCATALOG_COMPILER_APPICON_NAME = AppIcon;
				ASSETCATALOG_COMPILER_GLOBAL_ACCENT_COLOR_NAME = AccentColor;
				CODE_SIGN_STYLE = Automatic;
				CURRENT_PROJECT_VERSION = 1;
				DEVELOPMENT_TEAM = S5NDZSNAZM;
				GENERATE_INFOPLIST_FILE = YES;
				INFOPLIST_FILE = SearchGiphyApp/Info.plist;
				INFOPLIST_KEY_UIApplicationSupportsIndirectInputEvents = YES;
				INFOPLIST_KEY_UILaunchStoryboardName = LaunchScreen;
				INFOPLIST_KEY_UIMainStoryboardFile = Main;
				INFOPLIST_KEY_UISupportedInterfaceOrientations_iPad = "UIInterfaceOrientationPortrait UIInterfaceOrientationPortraitUpsideDown UIInterfaceOrientationLandscapeLeft UIInterfaceOrientationLandscapeRight";
				INFOPLIST_KEY_UISupportedInterfaceOrientations_iPhone = "UIInterfaceOrientationPortrait UIInterfaceOrientationLandscapeLeft UIInterfaceOrientationLandscapeRight";
				LD_RUNPATH_SEARCH_PATHS = (
					"$(inherited)",
					"@executable_path/Frameworks",
				);
				MARKETING_VERSION = 1.0;
				PRODUCT_BUNDLE_IDENTIFIER = "Guy-Twig.SearchGiphyApp";
				PRODUCT_NAME = "$(TARGET_NAME)";
				SWIFT_EMIT_LOC_STRINGS = YES;
				SWIFT_VERSION = 5.0;
				TARGETED_DEVICE_FAMILY = "1,2";
			};
			name = Release;
		};
/* End XCBuildConfiguration section */

/* Begin XCConfigurationList section */
		9DC2489E280CB886000CC90A /* Build configuration list for PBXProject "SearchGiphyApp" */ = {
			isa = XCConfigurationList;
			buildConfigurations = (
				9DC248B5280CB888000CC90A /* Debug */,
				9DC248B6280CB888000CC90A /* Release */,
			);
			defaultConfigurationIsVisible = 0;
			defaultConfigurationName = Release;
		};
		9DC248B7280CB888000CC90A /* Build configuration list for PBXNativeTarget "SearchGiphyApp" */ = {
			isa = XCConfigurationList;
			buildConfigurations = (
				9DC248B8280CB888000CC90A /* Debug */,
				9DC248B9280CB888000CC90A /* Release */,
			);
			defaultConfigurationIsVisible = 0;
			defaultConfigurationName = Release;
		};
/* End XCConfigurationList section */
	};
	rootObject = 9DC2489B280CB886000CC90A /* Project object */;
}
